
Microsoft Visual Studio Solution File, Format Version 12.00
Project("{FAE04EC0-301F-11D3-BF4B-00C04F79EFBC}") = "BozowareLauncher", "BozowareLauncher\BozowareLauncher.csproj", "{7E4214DB-AC84-459F-984C-7B1948228F4A}"
EndProject
Global
	GlobalSection(SolutionConfigurationPlatforms) = preSolution
		Debug|Any CPU = Debug|Any CPU
		Release|Any CPU = Release|Any CPU
	EndGlobalSection
	GlobalSection(ProjectConfigurationPlatforms) = postSolution
		{7E4214DB-AC84-459F-984C-7B1948228F4A}.Debug|Any CPU.ActiveCfg = Debug|Any CPU
		{7E4214DB-AC84-459F-984C-7B1948228F4A}.Debug|Any CPU.Build.0 = Debug|Any CPU
		{7E4214DB-AC84-459F-984C-7B1948228F4A}.Release|Any CPU.ActiveCfg = Release|Any CPU
		{7E4214DB-AC84-459F-984C-7B1948228F4A}.Release|Any CPU.Build.0 = Release|Any CPU
	EndGlobalSection
EndGlobal
